// !$*UTF8*$!
{
	archiveVersion = 1;
	classes = {
	};
	objectVersion = 48;
	objects = {

/* Begin PBXBuildFile section */
		021DD23C2009755700DEC759 /* AppDelegate.swift in Sources */ = {isa = PBXBuildFile; fileRef = 021DD23B2009755700DEC759 /* AppDelegate.swift */; };
		021DD23E2009755700DEC759 /* ViewController.swift in Sources */ = {isa = PBXBuildFile; fileRef = 021DD23D2009755700DEC759 /* ViewController.swift */; };
		021DD2412009755700DEC759 /* Main.storyboard in Resources */ = {isa = PBXBuildFile; fileRef = 021DD23F2009755700DEC759 /* Main.storyboard */; };
		021DD2432009755700DEC759 /* Assets.xcassets in Resources */ = {isa = PBXBuildFile; fileRef = 021DD2422009755700DEC759 /* Assets.xcassets */; };
		021DD2462009755700DEC759 /* LaunchScreen.storyboard in Resources */ = {isa = PBXBuildFile; fileRef = 021DD2442009755700DEC759 /* LaunchScreen.storyboard */; };
		025C3AFB20097BD000C231E6 /* SwiftFramework.framework in Frameworks */ = {isa = PBXBuildFile; fileRef = 025C3AFA20097BD000C231E6 /* SwiftFramework.framework */; };
		025C3AFC20097BD000C231E6 /* SwiftFramework.framework in Embed Frameworks */ = {isa = PBXBuildFile; fileRef = 025C3AFA20097BD000C231E6 /* SwiftFramework.framework */; settings = {ATTRIBUTES = (CodeSignOnCopy, RemoveHeadersOnCopy, ); }; };
/* End PBXBuildFile section */

/* Begin PBXCopyFilesBuildPhase section */
		025C3AFD20097BD000C231E6 /* Embed Frameworks */ = {
			isa = PBXCopyFilesBuildPhase;
			buildActionMask = 2147483647;
			dstPath = "";
			dstSubfolderSpec = 10;
			files = (
				025C3AFC20097BD000C231E6 /* SwiftFramework.framework in Embed Frameworks */,
			);
			name = "Embed Frameworks";
			runOnlyForDeploymentPostprocessing = 0;
		};
/* End PBXCopyFilesBuildPhase section */

/* Begin PBXFileReference section */
		021DD2382009755700DEC759 /* FrameworkConsumerApp.app */ = {isa = PBXFileReference; explicitFileType = wrapper.application; includeInIndex = 0; path = FrameworkConsumerApp.app; sourceTree = BUILT_PRODUCTS_DIR; };
		021DD23B2009755700DEC759 /* AppDelegate.swift */ = {isa = PBXFileReference; lastKnownFileType = sourcecode.swift; path = AppDelegate.swift; sourceTree = "<group>"; };
		021DD23D2009755700DEC759 /* ViewController.swift */ = {isa = PBXFileReference; lastKnownFileType = sourcecode.swift; path = ViewController.swift; sourceTree = "<group>"; };
		021DD2402009755700DEC759 /* Base */ = {isa = PBXFileReference; lastKnownFileType = file.storyboard; name = Base; path = Base.lproj/Main.storyboard; sourceTree = "<group>"; };
		021DD2422009755700DEC759 /* Assets.xcassets */ = {isa = PBXFileReference; lastKnownFileType = folder.assetcatalog; path = Assets.xcassets; sourceTree = "<group>"; };
		021DD2452009755700DEC759 /* Base */ = {isa = PBXFileReference; lastKnownFileType = file.storyboard; name = Base; path = Base.lproj/LaunchScreen.storyboard; sourceTree = "<group>"; };
		021DD2472009755700DEC759 /* Info.plist */ = {isa = PBXFileReference; lastKnownFileType = text.plist.xml; path = Info.plist; sourceTree = "<group>"; };
		025C3AFA20097BD000C231E6 /* SwiftFramework.framework */ = {isa = PBXFileReference; lastKnownFileType = wrapper.framework; name = SwiftFramework.framework; path = FrameworkConsumerApp/Frameworks/SwiftFramework.framework; sourceTree = "<group>"; };
/* End PBXFileReference section */

/* Begin PBXFrameworksBuildPhase section */
		021DD2352009755700DEC759 /* Frameworks */ = {
			isa = PBXFrameworksBuildPhase;
			buildActionMask = 2147483647;
			files = (
				025C3AFB20097BD000C231E6 /* SwiftFramework.framework in Frameworks */,
			);
			runOnlyForDeploymentPostprocessing = 0;
		};
/* End PBXFrameworksBuildPhase section */

/* Begin PBXGroup section */
		021DD22F2009755700DEC759 = {
			isa = PBXGroup;
			children = (
				025C3AFA20097BD000C231E6 /* SwiftFramework.framework */,
				021DD23A2009755700DEC759 /* FrameworkConsumerApp */,
				021DD2392009755700DEC759 /* Products */,
			);
			sourceTree = "<group>";
		};
		021DD2392009755700DEC759 /* Products */ = {
			isa = PBXGroup;
			children = (
				021DD2382009755700DEC759 /* FrameworkConsumerApp.app */,
			);
			name = Products;
			sourceTree = "<group>";
		};
		021DD23A2009755700DEC759 /* FrameworkConsumerApp */ = {
			isa = PBXGroup;
			children = (
				021DD23B2009755700DEC759 /* AppDelegate.swift */,
				021DD23D2009755700DEC759 /* ViewController.swift */,
				021DD23F2009755700DEC759 /* Main.storyboard */,
				021DD2422009755700DEC759 /* Assets.xcassets */,
				021DD2442009755700DEC759 /* LaunchScreen.storyboard */,
				021DD2472009755700DEC759 /* Info.plist */,
			);
			path = FrameworkConsumerApp;
			sourceTree = "<group>";
		};
/* End PBXGroup section */

/* Begin PBXNativeTarget section */
		021DD2372009755700DEC759 /* FrameworkConsumerApp */ = {
			isa = PBXNativeTarget;
			buildConfigurationList = 021DD24A2009755700DEC759 /* Build configuration list for PBXNativeTarget "FrameworkConsumerApp" */;
			buildPhases = (
				021DD2342009755700DEC759 /* Sources */,
				021DD2352009755700DEC759 /* Frameworks */,
				021DD2362009755700DEC759 /* Resources */,
				025C3AFD20097BD000C231E6 /* Embed Frameworks */,
			);
			buildRules = (
			);
			dependencies = (
			);
			name = FrameworkConsumerApp;
			productName = FrameworkConsumerApp;
			productReference = 021DD2382009755700DEC759 /* FrameworkConsumerApp.app */;
			productType = "com.apple.product-type.application";
		};
/* End PBXNativeTarget section */

/* Begin PBXProject section */
		021DD2302009755700DEC759 /* Project object */ = {
			isa = PBXProject;
			attributes = {
				LastSwiftUpdateCheck = 0900;
				LastUpgradeCheck = 0900;
				ORGANIZATIONNAME = "Software Testing";
				TargetAttributes = {
					021DD2372009755700DEC759 = {
						CreatedOnToolsVersion = 9.0;
						ProvisioningStyle = Automatic;
					};
				};
			};
			buildConfigurationList = 021DD2332009755700DEC759 /* Build configuration list for PBXProject "FrameworkConsumerApp" */;
			compatibilityVersion = "Xcode 8.0";
			developmentRegion = en;
			hasScannedForEncodings = 0;
			knownRegions = (
				en,
				Base,
			);
			mainGroup = 021DD22F2009755700DEC759;
			productRefGroup = 021DD2392009755700DEC759 /* Products */;
			projectDirPath = "";
			projectRoot = "";
			targets = (
				021DD2372009755700DEC759 /* FrameworkConsumerApp */,
			);
		};
/* End PBXProject section */

/* Begin PBXResourcesBuildPhase section */
		021DD2362009755700DEC759 /* Resources */ = {
			isa = PBXResourcesBuildPhase;
			buildActionMask = 2147483647;
			files = (
				021DD2462009755700DEC759 /* LaunchScreen.storyboard in Resources */,
				021DD2432009755700DEC759 /* Assets.xcassets in Resources */,
				021DD2412009755700DEC759 /* Main.storyboard in Resources */,
			);
			runOnlyForDeploymentPostprocessing = 0;
		};
/* End PBXResourcesBuildPhase section */

/* Begin PBXSourcesBuildPhase section */
		021DD2342009755700DEC759 /* Sources */ = {
			isa = PBXSourcesBuildPhase;
			buildActionMask = 2147483647;
			files = (
				021DD23E2009755700DEC759 /* ViewController.swift in Sources */,
				021DD23C2009755700DEC759 /* AppDelegate.swift in Sources */,
			);
			runOnlyForDeploymentPostprocessing = 0;
		};
/* End PBXSourcesBuildPhase section */

/* Begin PBXVariantGroup section */
		021DD23F2009755700DEC759 /* Main.storyboard */ = {
			isa = PBXVariantGroup;
			children = (
				021DD2402009755700DEC759 /* Base */,
			);
			name = Main.storyboard;
			sourceTree = "<group>";
		};
		021DD2442009755700DEC759 /* LaunchScreen.storyboard */ = {
			isa = PBXVariantGroup;
			children = (
				021DD2452009755700DEC759 /* Base */,
			);
			name = LaunchScreen.storyboard;
			sourceTree = "<group>";
		};
/* End PBXVariantGroup section */

/* Begin XCBuildConfiguration section */
		021DD2482009755700DEC759 /* Debug */ = {
			isa = XCBuildConfiguration;
			buildSettings = {
				ALWAYS_SEARCH_USER_PATHS = NO;
				CLANG_ANALYZER_NONNULL = YES;
				CLANG_ANALYZER_NUMBER_OBJECT_CONVERSION = YES_AGGRESSIVE;
				CLANG_CXX_LANGUAGE_STANDARD = "gnu++14";
				CLANG_CXX_LIBRARY = "libc++";
				CLANG_ENABLE_MODULES = YES;
				CLANG_ENABLE_OBJC_ARC = YES;
				CLANG_WARN_BLOCK_CAPTURE_AUTORELEASING = YES;
				CLANG_WARN_BOOL_CONVERSION = YES;
				CLANG_WARN_COMMA = YES;
				CLANG_WARN_CONSTANT_CONVERSION = YES;
				CLANG_WARN_DIRECT_OBJC_ISA_USAGE = YES_ERROR;
				CLANG_WARN_DOCUMENTATION_COMMENTS = YES;
				CLANG_WARN_EMPTY_BODY = YES;
				CLANG_WARN_ENUM_CONVERSION = YES;
				CLANG_WARN_INFINITE_RECURSION = YES;
				CLANG_WARN_INT_CONVERSION = YES;
				CLANG_WARN_NON_LITERAL_NULL_CONVERSION = YES;
				CLANG_WARN_OBJC_LITERAL_CONVERSION = YES;
				CLANG_WARN_OBJC_ROOT_CLASS = YES_ERROR;
				CLANG_WARN_RANGE_LOOP_ANALYSIS = YES;
				CLANG_WARN_STRICT_PROTOTYPES = YES;
				CLANG_WARN_SUSPICIOUS_MOVE = YES;
				CLANG_WARN_UNGUARDED_AVAILABILITY = YES_AGGRESSIVE;
				CLANG_WARN_UNREACHABLE_CODE = YES;
				CLANG_WARN__DUPLICATE_METHOD_MATCH = YES;
				CODE_SIGN_IDENTITY = "iPhone Developer";
				COPY_PHASE_STRIP = NO;
				DEBUG_INFORMATION_FORMAT = dwarf;
				ENABLE_STRICT_OBJC_MSGSEND = YES;
				ENABLE_TESTABILITY = YES;
				GCC_C_LANGUAGE_STANDARD = gnu11;
				GCC_DYNAMIC_NO_PIC = NO;
				GCC_NO_COMMON_BLOCKS = YES;
				GCC_OPTIMIZATION_LEVEL = 0;
				GCC_PREPROCESSOR_DEFINITIONS = (
					"DEBUG=1",
					"$(inherited)",
				);
				GCC_WARN_64_TO_32_BIT_CONVERSION = YES;
				GCC_WARN_ABOUT_RETURN_TYPE = YES_ERROR;
				GCC_WARN_UNDECLARED_SELECTOR = YES;
				GCC_WARN_UNINITIALIZED_AUTOS = YES_AGGRESSIVE;
				GCC_WARN_UNUSED_FUNCTION = YES;
				GCC_WARN_UNUSED_VARIABLE = YES;
				IPHONEOS_DEPLOYMENT_TARGET = 11.0;
				MTL_ENABLE_DEBUG_INFO = YES;
				ONLY_ACTIVE_ARCH = YES;
				SDKROOT = iphoneos;
				SWIFT_ACTIVE_COMPILATION_CONDITIONS = DEBUG;
				SWIFT_OPTIMIZATION_LEVEL = "-Onone";
			};
			name = Debug;
		};
		021DD2492009755700DEC759 /* Release */ = {
			isa = XCBuildConfiguration;
			buildSettings = {
				ALWAYS_SEARCH_USER_PATHS = NO;
				CLANG_ANALYZER_NONNULL = YES;
				CLANG_ANALYZER_NUMBER_OBJECT_CONVERSION = YES_AGGRESSIVE;
				CLANG_CXX_LANGUAGE_STANDARD = "gnu++14";
				CLANG_CXX_LIBRARY = "libc++";
				CLANG_ENABLE_MODULES = YES;
				CLANG_ENABLE_OBJC_ARC = YES;
				CLANG_WARN_BLOCK_CAPTURE_AUTORELEASING = YES;
				CLANG_WARN_BOOL_CONVERSION = YES;
				CLANG_WARN_COMMA = YES;
				CLANG_WARN_CONSTANT_CONVERSION = YES;
				CLANG_WARN_DIRECT_OBJC_ISA_USAGE = YES_ERROR;
				CLANG_WARN_DOCUMENTATION_COMMENTS = YES;
				CLANG_WARN_EMPTY_BODY = YES;
				CLANG_WARN_ENUM_CONVERSION = YES;
				CLANG_WARN_INFINITE_RECURSION = YES;
				CLANG_WARN_INT_CONVERSION = YES;
				CLANG_WARN_NON_LITERAL_NULL_CONVERSION = YES;
				CLANG_WARN_OBJC_LITERAL_CONVERSION = YES;
				CLANG_WARN_OBJC_ROOT_CLASS = YES_ERROR;
				CLANG_WARN_RANGE_LOOP_ANALYSIS = YES;
				CLANG_WARN_STRICT_PROTOTYPES = YES;
				CLANG_WARN_SUSPICIOUS_MOVE = YES;
				CLANG_WARN_UNGUARDED_AVAILABILITY = YES_AGGRESSIVE;
				CLANG_WARN_UNREACHABLE_CODE = YES;
				CLANG_WARN__DUPLICATE_METHOD_MATCH = YES;
				CODE_SIGN_IDENTITY = "iPhone Developer";
				COPY_PHASE_STRIP = NO;
				DEBUG_INFORMATION_FORMAT = "dwarf-with-dsym";
				ENABLE_NS_ASSERTIONS = NO;
				ENABLE_STRICT_OBJC_MSGSEND = YES;
				GCC_C_LANGUAGE_STANDARD = gnu11;
				GCC_NO_COMMON_BLOCKS = YES;
				GCC_WARN_64_TO_32_BIT_CONVERSION = YES;
				GCC_WARN_ABOUT_RETURN_TYPE = YES_ERROR;
				GCC_WARN_UNDECLARED_SELECTOR = YES;
				GCC_WARN_UNINITIALIZED_AUTOS = YES_AGGRESSIVE;
				GCC_WARN_UNUSED_FUNCTION = YES;
				GCC_WARN_UNUSED_VARIABLE = YES;
				IPHONEOS_DEPLOYMENT_TARGET = 11.0;
				MTL_ENABLE_DEBUG_INFO = NO;
				SDKROOT = iphoneos;
				SWIFT_OPTIMIZATION_LEVEL = "-Owholemodule";
				VALIDATE_PRODUCT = YES;
			};
			name = Release;
		};
		021DD24B2009755700DEC759 /* Debug */ = {
			isa = XCBuildConfiguration;
			buildSettings = {
				ASSETCATALOG_COMPILER_APPICON_NAME = AppIcon;
				CODE_SIGN_STYLE = Automatic;
				DEVELOPMENT_TEAM = "";
				FRAMEWORK_SEARCH_PATHS = (
					"$(inherited)",
					"$(PROJECT_DIR)/FrameworkConsumerApp/Frameworks",
				);
				INFOPLIST_FILE = FrameworkConsumerApp/Info.plist;
				IPHONEOS_DEPLOYMENT_TARGET = 10.3;
				LD_RUNPATH_SEARCH_PATHS = "$(inherited) @executable_path/Frameworks";
				PRODUCT_BUNDLE_IDENTIFIER = com.yourDomainNameHere.FrameworkConsumerApp;
				PRODUCT_NAME = "$(TARGET_NAME)";
				SWIFT_VERSION = 4.0;
				TARGETED_DEVICE_FAMILY = "1,2";
			};
			name = Debug;
		};
		021DD24C2009755700DEC759 /* Release */ = {
			isa = XCBuildConfiguration;
			buildSettings = {
				ASSETCATALOG_COMPILER_APPICON_NAME = AppIcon;
				CODE_SIGN_STYLE = Automatic;
				DEVELOPMENT_TEAM = "";
				FRAMEWORK_SEARCH_PATHS = (
					"$(inherited)",
					"$(PROJECT_DIR)/FrameworkConsumerApp/Frameworks",
				);
				INFOPLIST_FILE = FrameworkConsumerApp/Info.plist;
				IPHONEOS_DEPLOYMENT_TARGET = 10.3;
				LD_RUNPATH_SEARCH_PATHS = "$(inherited) @executable_path/Frameworks";
				PRODUCT_BUNDLE_IDENTIFIER = com.yourDomainNameHere.FrameworkConsumerApp;
				PRODUCT_NAME = "$(TARGET_NAME)";
				SWIFT_VERSION = 4.0;
				TARGETED_DEVICE_FAMILY = "1,2";
			};
			name = Release;
		};
/* End XCBuildConfiguration section */

/* Begin XCConfigurationList section */
		021DD2332009755700DEC759 /* Build configuration list for PBXProject "FrameworkConsumerApp" */ = {
			isa = XCConfigurationList;
			buildConfigurations = (
				021DD2482009755700DEC759 /* Debug */,
				021DD2492009755700DEC759 /* Release */,
			);
			defaultConfigurationIsVisible = 0;
			defaultConfigurationName = Release;
		};
		021DD24A2009755700DEC759 /* Build configuration list for PBXNativeTarget "FrameworkConsumerApp" */ = {
			isa = XCConfigurationList;
			buildConfigurations = (
				021DD24B2009755700DEC759 /* Debug */,
				021DD24C2009755700DEC759 /* Release */,
			);
			defaultConfigurationIsVisible = 0;
			defaultConfigurationName = Release;
		};
/* End XCConfigurationList section */
	};
	rootObject = 021DD2302009755700DEC759 /* Project object */;
}
